
Microsoft Visual Studio Solution File, Format Version 12.00
# Visual Studio 15
VisualStudioVersion = 15.0.28307.421
MinimumVisualStudioVersion = 10.0.40219.1
Project("{9A19103F-16F7-4668-BE54-9A1E7A4F7556}") = "MarsRoverUl", "MarsRoverUl\MarsRoverUl.csproj", "{11819F9C-0BEC-4107-833F-4B6787F83A78}"
EndProject
Project("{9A19103F-16F7-4668-BE54-9A1E7A4F7556}") = "MarsRover.CastleIoC", "MarsRover.CastleIoC\MarsRover.CastleIoC.csproj", "{B8F42294-F255-41C4-A95F-B506B1875E41}"
EndProject
Project("{9A19103F-16F7-4668-BE54-9A1E7A4F7556}") = "MarsOver.Business", "Business\MarsOver.Business.csproj", "{DFA49DBD-A48C-499F-B2D1-543A79970F9A}"
EndProject
Project("{9A19103F-16F7-4668-BE54-9A1E7A4F7556}") = "MarsOver.Domain", "MarsOver.Domain\MarsOver.Domain.csproj", "{95FAAF3C-59D1-4609-A937-4C596ECDD3BC}"
EndProject
Global
	GlobalSection(SolutionConfigurationPlatforms) = preSolution
		Debug|Any CPU = Debug|Any CPU
		Release|Any CPU = Release|Any CPU
	EndGlobalSection
	GlobalSection(ProjectConfigurationPlatforms) = postSolution
		{11819F9C-0BEC-4107-833F-4B6787F83A78}.Debug|Any CPU.ActiveCfg = Debug|Any CPU
		{11819F9C-0BEC-4107-833F-4B6787F83A78}.Debug|Any CPU.Build.0 = Debug|Any CPU
		{11819F9C-0BEC-4107-833F-4B6787F83A78}.Release|Any CPU.ActiveCfg = Release|Any CPU
		{11819F9C-0BEC-4107-833F-4B6787F83A78}.Release|Any CPU.Build.0 = Release|Any CPU
		{B8F42294-F255-41C4-A95F-B506B1875E41}.Debug|Any CPU.ActiveCfg = Debug|Any CPU
		{B8F42294-F255-41C4-A95F-B506B1875E41}.Debug|Any CPU.Build.0 = Debug|Any CPU
		{B8F42294-F255-41C4-A95F-B506B1875E41}.Release|Any CPU.ActiveCfg = Release|Any CPU
		{B8F42294-F255-41C4-A95F-B506B1875E41}.Release|Any CPU.Build.0 = Release|Any CPU
		{DFA49DBD-A48C-499F-B2D1-543A79970F9A}.Debug|Any CPU.ActiveCfg = Debug|Any CPU
		{DFA49DBD-A48C-499F-B2D1-543A79970F9A}.Debug|Any CPU.Build.0 = Debug|Any CPU
		{DFA49DBD-A48C-499F-B2D1-543A79970F9A}.Release|Any CPU.ActiveCfg = Release|Any CPU
		{DFA49DBD-A48C-499F-B2D1-543A79970F9A}.Release|Any CPU.Build.0 = Release|Any CPU
		{95FAAF3C-59D1-4609-A937-4C596ECDD3BC}.Debug|Any CPU.ActiveCfg = Debug|Any CPU
		{95FAAF3C-59D1-4609-A937-4C596ECDD3BC}.Debug|Any CPU.Build.0 = Debug|Any CPU
		{95FAAF3C-59D1-4609-A937-4C596ECDD3BC}.Release|Any CPU.ActiveCfg = Release|Any CPU
		{95FAAF3C-59D1-4609-A937-4C596ECDD3BC}.Release|Any CPU.Build.0 = Release|Any CPU
	EndGlobalSection
	GlobalSection(SolutionProperties) = preSolution
		HideSolutionNode = FALSE
	EndGlobalSection
	GlobalSection(ExtensibilityGlobals) = postSolution
		SolutionGuid = {F00CF159-3009-4828-911C-7CEB319B743B}
	EndGlobalSection
EndGlobal
